<?xml version="1.0" encoding="utf-8"?>
<Project ToolsVersion="4.0" xmlns="http://schemas.microsoft.com/developer/msbuild/2003">
  <ItemGroup>
    <Filter Include="Source Files">
      <UniqueIdentifier>{4FC737F1-C7A5-4376-A066-2A32D752A2FF}</UniqueIdentifier>
      <Extensions>cpp;c;cc;cxx;def;odl;idl;hpj;bat;asm;asmx</Extensions>
    </Filter>
    <Filter Include="Header Files">
      <UniqueIdentifier>{93995380-89BD-4b04-88EB-625FBE52EBFB}</UniqueIdentifier>
      <Extensions>h;hh;hpp;hxx;hm;inl;inc;xsd</Extensions>
    </Filter>
    <Filter Include="Resource Files">
      <UniqueIdentifier>{D9D6E242-F8AF-46E4-B9FD-80ECBC20BA3E}</UniqueIdentifier>
      <Extensions>qrc;*</Extensions>
      <ParseFiles>false</ParseFiles>
    </Filter>
    <Filter Include="Form Files">
      <UniqueIdentifier>{99349809-55BA-4b9d-BF79-8FDBB0286EB3}</UniqueIdentifier>
      <Extensions>ui</Extensions>
    </Filter>
    <Filter Include="Resource Files">
      <UniqueIdentifier>{D9D6E242-F8AF-46E4-B9FD-80ECBC20BA3E}</UniqueIdentifier>
      <Extensions>qrc;*</Extensions>
      <ParseFiles>false</ParseFiles>
    </Filter>
    <Filter Include="Generated Files">
      <UniqueIdentifier>{71ED8ED8-ACB9-4CE9-BBE1-E00B30144E11}</UniqueIdentifier>
      <Extensions>moc;h;cpp</Extensions>
      <SourceControlFiles>False</SourceControlFiles>
    </Filter>
  </ItemGroup>
  <ItemGroup>
    <ClCompile Include="main.cpp">
      <Filter>Source Files</Filter>
    </ClCompile>
    <ClCompile Include="ChatWindow.cpp">
      <Filter>Source Files</Filter>
    </ClCompile>
    <ClCompile Include="Util.cpp">
      <Filter>Source Files</Filter>
    </ClCompile>
    <ClCompile Include="Server.cpp">
      <Filter>Source Files</Filter>
    </ClCompile>
    <ClCompile Include="MessageListWidgetItem.cpp">
      <Filter>Source Files</Filter>
    </ClCompile>
    <ClCompile Include="ChatApplication.cpp">
      <Filter>Source Files</Filter>
    </ClCompile>
    <ClCompile Include="ChatSession.cpp">
      <Filter>Source Files</Filter>
    </ClCompile>
    <ClCompile Include="NewUserDialog.cpp">
      <Filter>Source Files</Filter>
    </ClCompile>
    <ClCompile Include="UserValidator.cpp">
      <Filter>Source Files</Filter>
    </ClCompile>
    <ClCompile Include="MessageTextTextEdit.cpp">
      <Filter>Source Files</Filter>
    </ClCompile>
    <ClCompile Include="MessageWidget.cpp">
      <Filter>Source Files</Filter>
    </ClCompile>
    <ClCompile Include="EmojiView.cpp">
      <Filter>Source Files</Filter>
    </ClCompile>
    <ClCompile Include="Administrator.cpp">
      <Filter>Source Files</Filter>
    </ClCompile>
    <ClCompile Include="Appearance.cpp">
      <Filter>Source Files</Filter>
    </ClCompile>
    <ClCompile Include="BlockUnblockUserDialog.cpp">
      <Filter>Source Files</Filter>
    </ClCompile>
    <ClCompile Include="PasswordLineEdit.cpp">
      <Filter>Source Files</Filter>
    </ClCompile>
    <ClCompile Include="MessageLabel.cpp">
      <Filter>Source Files</Filter>
    </ClCompile>
  </ItemGroup>
  <ItemGroup>
    <QtMoc Include="ChatWindow.h">
      <Filter>Header Files</Filter>
    </QtMoc>
    <QtMoc Include="ChatApplication.h">
      <Filter>Header Files</Filter>
    </QtMoc>
    <QtMoc Include="NewUserDialog.h">
      <Filter>Header Files</Filter>
    </QtMoc>
    <QtMoc Include="MessageTextTextEdit.h">
      <Filter>Header Files</Filter>
    </QtMoc>
    <QtMoc Include="EmojiView.h">
      <Filter>Header Files</Filter>
    </QtMoc>
    <QtMoc Include="Administrator.h">
      <Filter>Header Files</Filter>
    </QtMoc>
    <QtMoc Include="BlockUnblockUserDialog.h">
      <Filter>Header Files</Filter>
    </QtMoc>
    <QtMoc Include="PasswordLineEdit.h">
      <Filter>Header Files</Filter>
    </QtMoc>
    <QtMoc Include="MessageWidget.h">
      <Filter>Header Files</Filter>
    </QtMoc>
    <QtMoc Include="MessageLabel.h">
      <Filter>Header Files</Filter>
    </QtMoc>
  </ItemGroup>
  <ItemGroup>
    <QtUic Include="ChatWindow.ui">
      <Filter>Form Files</Filter>
    </QtUic>
    <QtUic Include="ChatApplication.ui">
      <Filter>Form Files</Filter>
    </QtUic>
    <QtUic Include="NewUserDialog.ui">
      <Filter>Form Files</Filter>
    </QtUic>
    <QtUic Include="Administrator.ui">
      <Filter>Form Files</Filter>
    </QtUic>
    <QtUic Include="BlockUnblockUserDialog.ui">
      <Filter>Form Files</Filter>
    </QtUic>
  </ItemGroup>
  <ItemGroup>
    <QtRcc Include="ChatApplication.qrc">
      <Filter>Resource Files</Filter>
    </QtRcc>
  </ItemGroup>
  <ItemGroup>
    <ClInclude Include="Observer.h">
      <Filter>Header Files</Filter>
    </ClInclude>
    <ClInclude Include="Util.h">
      <Filter>Header Files</Filter>
    </ClInclude>
    <ClInclude Include="Server.h">
      <Filter>Header Files</Filter>
    </ClInclude>
    <ClInclude Include="ChatSession.h">
      <Filter>Header Files</Filter>
    </ClInclude>
    <ClInclude Include="UserValidator.h">
      <Filter>Header Files</Filter>
    </ClInclude>
    <ClInclude Include="User.h">
      <Filter>Header Files</Filter>
    </ClInclude>
    <ClInclude Include="Message.h">
      <Filter>Header Files</Filter>
    </ClInclude>
    <ClInclude Include="ChatMessage.h">
      <Filter>Header Files</Filter>
    </ClInclude>
    <ClInclude Include="Appearance.h">
      <Filter>Header Files</Filter>
    </ClInclude>
    <ClInclude Include="MessageListWidgetItem.h">
      <Filter>Header Files</Filter>
    </ClInclude>
    <ClInclude Include="resource.h">
      <Filter>Header Files</Filter>
    </ClInclude>
  </ItemGroup>
</Project>